
Microsoft Visual Studio Solution File, Format Version 12.00
# Visual Studio Version 17
VisualStudioVersion = 17.0.32014.148
MinimumVisualStudioVersion = 10.0.40219.1
Project("{FAE04EC0-301F-11D3-BF4B-00C04F79EFBC}") = "VSE", "VSE.csproj", "{6B7E93AD-48F7-4F86-9482-2321D6F1D10A}"
EndProject
Project("{FAE04EC0-301F-11D3-BF4B-00C04F79EFBC}") = "VSE.Core", "..\VSE.Core\VSE.Core.csproj", "{055C16E6-B282-4C56-8C4A-6FFB4688AE19}"
EndProject
Project("{FAE04EC0-301F-11D3-BF4B-00C04F79EFBC}") = "VControls", "..\VSECtrl\VControls.csproj", "{6D2088CB-161B-47FB-9C35-0EE8DE61A3DF}"
	ProjectSection(ProjectDependencies) = postProject
		{1F6D2AE3-2394-4546-B616-0396FB810D4E} = {1F6D2AE3-2394-4546-B616-0396FB810D4E}
	EndProjectSection
EndProject
Project("{FAE04EC0-301F-11D3-BF4B-00C04F79EFBC}") = "LightController", "..\LightController\LightController.csproj", "{18955788-A97F-4139-A6B3-2195C582340F}"
EndProject
Project("{2150E333-8FDC-42A3-9474-1A3956D46DE8}") = "引用的库", "引用的库", "{186498F1-456F-4DB5-A14E-268955C9C2E5}"
EndProject
Project("{FAE04EC0-301F-11D3-BF4B-00C04F79EFBC}") = "模切", "..\..\项目\模切检测\模切.csproj", "{12944548-C466-41BC-8C54-F79A8C54FED8}"
EndProject
Project("{FAE04EC0-301F-11D3-BF4B-00C04F79EFBC}") = "ImageView", "C:\Users\Farmer\Desktop\演示\IndustrialPlatformLxc - 2022\VisionModule\VisionPlus.ImageView\ImageView.csproj", "{1F6D2AE3-2394-4546-B616-0396FB810D4E}"
EndProject
Project("{FAE04EC0-301F-11D3-BF4B-00C04F79EFBC}") = "LXCSystem", "C:\Users\Farmer\Desktop\演示\IndustrialPlatformLxc - 2022\CommonModule\LXCSystem\LXCSystem.csproj", "{78A20337-2FE8-48BD-84AC-59230D55E624}"
EndProject
Project("{8BC9CEB8-8B4A-11D0-8D11-00A0C91BC942}") = "LXC.CoreDog", "C:\Users\Farmer\Desktop\演示\IndustrialPlatformLxc - 2022\LXC.CoreDog\LXC.CoreDog.vcxproj", "{7C562650-2943-40C2-A3C9-A56D32289FF3}"
EndProject
Project("{8BC9CEB8-8B4A-11D0-8D11-00A0C91BC942}") = "RegMachine", "..\RegMachine\RegMachine.vcxproj", "{381753A2-5231-4144-995B-A3F6780A8692}"
EndProject
Project("{FAE04EC0-301F-11D3-BF4B-00C04F79EFBC}") = "ClassLibrary2", "..\ClassLibrary2\ClassLibrary2.csproj", "{5DE71731-B40E-4B13-BB32-CF3DACF79C4D}"
EndProject
Project("{FAE04EC0-301F-11D3-BF4B-00C04F79EFBC}") = "VP", "..\WindowsFormsApp1\VP.csproj", "{35684A21-55FF-4C51-9B67-FD27651C60E8}"
EndProject
Project("{FAE04EC0-301F-11D3-BF4B-00C04F79EFBC}") = "WinFormsUI", "C:\Users\Farmer\Desktop\演示\IndustrialPlatformLxc - 2022\CommonModule\WinFormsUI\WinFormsUI.csproj", "{C75532C4-765B-418E-B09B-46D36B2ABDB1}"
EndProject
Global
	GlobalSection(SolutionConfigurationPlatforms) = preSolution
		Debug|Any CPU = Debug|Any CPU
		Debug|x64 = Debug|x64
		Debug|x86 = Debug|x86
		Release|Any CPU = Release|Any CPU
		Release|x64 = Release|x64
		Release|x86 = Release|x86
	EndGlobalSection
	GlobalSection(ProjectConfigurationPlatforms) = postSolution
		{6B7E93AD-48F7-4F86-9482-2321D6F1D10A}.Debug|Any CPU.ActiveCfg = Debug|Any CPU
		{6B7E93AD-48F7-4F86-9482-2321D6F1D10A}.Debug|Any CPU.Build.0 = Debug|Any CPU
		{6B7E93AD-48F7-4F86-9482-2321D6F1D10A}.Debug|x64.ActiveCfg = Debug|x64
		{6B7E93AD-48F7-4F86-9482-2321D6F1D10A}.Debug|x64.Build.0 = Debug|x64
		{6B7E93AD-48F7-4F86-9482-2321D6F1D10A}.Debug|x86.ActiveCfg = Debug|Any CPU
		{6B7E93AD-48F7-4F86-9482-2321D6F1D10A}.Debug|x86.Build.0 = Debug|Any CPU
		{6B7E93AD-48F7-4F86-9482-2321D6F1D10A}.Release|Any CPU.ActiveCfg = Release|Any CPU
		{6B7E93AD-48F7-4F86-9482-2321D6F1D10A}.Release|Any CPU.Build.0 = Release|Any CPU
		{6B7E93AD-48F7-4F86-9482-2321D6F1D10A}.Release|x64.ActiveCfg = Release|x64
		{6B7E93AD-48F7-4F86-9482-2321D6F1D10A}.Release|x64.Build.0 = Release|x64
		{6B7E93AD-48F7-4F86-9482-2321D6F1D10A}.Release|x86.ActiveCfg = Release|Any CPU
		{6B7E93AD-48F7-4F86-9482-2321D6F1D10A}.Release|x86.Build.0 = Release|Any CPU
		{055C16E6-B282-4C56-8C4A-6FFB4688AE19}.Debug|Any CPU.ActiveCfg = Debug|Any CPU
		{055C16E6-B282-4C56-8C4A-6FFB4688AE19}.Debug|Any CPU.Build.0 = Debug|Any CPU
		{055C16E6-B282-4C56-8C4A-6FFB4688AE19}.Debug|x64.ActiveCfg = Debug|Any CPU
		{055C16E6-B282-4C56-8C4A-6FFB4688AE19}.Debug|x64.Build.0 = Debug|Any CPU
		{055C16E6-B282-4C56-8C4A-6FFB4688AE19}.Debug|x86.ActiveCfg = Debug|Any CPU
		{055C16E6-B282-4C56-8C4A-6FFB4688AE19}.Debug|x86.Build.0 = Debug|Any CPU
		{055C16E6-B282-4C56-8C4A-6FFB4688AE19}.Release|Any CPU.ActiveCfg = Release|Any CPU
		{055C16E6-B282-4C56-8C4A-6FFB4688AE19}.Release|Any CPU.Build.0 = Release|Any CPU
		{055C16E6-B282-4C56-8C4A-6FFB4688AE19}.Release|x64.ActiveCfg = Release|Any CPU
		{055C16E6-B282-4C56-8C4A-6FFB4688AE19}.Release|x64.Build.0 = Release|Any CPU
		{055C16E6-B282-4C56-8C4A-6FFB4688AE19}.Release|x86.ActiveCfg = Release|Any CPU
		{055C16E6-B282-4C56-8C4A-6FFB4688AE19}.Release|x86.Build.0 = Release|Any CPU
		{6D2088CB-161B-47FB-9C35-0EE8DE61A3DF}.Debug|Any CPU.ActiveCfg = Debug|Any CPU
		{6D2088CB-161B-47FB-9C35-0EE8DE61A3DF}.Debug|Any CPU.Build.0 = Debug|Any CPU
		{6D2088CB-161B-47FB-9C35-0EE8DE61A3DF}.Debug|x64.ActiveCfg = Debug|Any CPU
		{6D2088CB-161B-47FB-9C35-0EE8DE61A3DF}.Debug|x64.Build.0 = Debug|Any CPU
		{6D2088CB-161B-47FB-9C35-0EE8DE61A3DF}.Debug|x86.ActiveCfg = Debug|Any CPU
		{6D2088CB-161B-47FB-9C35-0EE8DE61A3DF}.Debug|x86.Build.0 = Debug|Any CPU
		{6D2088CB-161B-47FB-9C35-0EE8DE61A3DF}.Release|Any CPU.ActiveCfg = Release|Any CPU
		{6D2088CB-161B-47FB-9C35-0EE8DE61A3DF}.Release|Any CPU.Build.0 = Release|Any CPU
		{6D2088CB-161B-47FB-9C35-0EE8DE61A3DF}.Release|x64.ActiveCfg = Release|Any CPU
		{6D2088CB-161B-47FB-9C35-0EE8DE61A3DF}.Release|x64.Build.0 = Release|Any CPU
		{6D2088CB-161B-47FB-9C35-0EE8DE61A3DF}.Release|x86.ActiveCfg = Release|Any CPU
		{6D2088CB-161B-47FB-9C35-0EE8DE61A3DF}.Release|x86.Build.0 = Release|Any CPU
		{18955788-A97F-4139-A6B3-2195C582340F}.Debug|Any CPU.ActiveCfg = Debug|Any CPU
		{18955788-A97F-4139-A6B3-2195C582340F}.Debug|Any CPU.Build.0 = Debug|Any CPU
		{18955788-A97F-4139-A6B3-2195C582340F}.Debug|x64.ActiveCfg = Debug|Any CPU
		{18955788-A97F-4139-A6B3-2195C582340F}.Debug|x64.Build.0 = Debug|Any CPU
		{18955788-A97F-4139-A6B3-2195C582340F}.Debug|x86.ActiveCfg = Debug|Any CPU
		{18955788-A97F-4139-A6B3-2195C582340F}.Debug|x86.Build.0 = Debug|Any CPU
		{18955788-A97F-4139-A6B3-2195C582340F}.Release|Any CPU.ActiveCfg = Release|Any CPU
		{18955788-A97F-4139-A6B3-2195C582340F}.Release|Any CPU.Build.0 = Release|Any CPU
		{18955788-A97F-4139-A6B3-2195C582340F}.Release|x64.ActiveCfg = Release|Any CPU
		{18955788-A97F-4139-A6B3-2195C582340F}.Release|x64.Build.0 = Release|Any CPU
		{18955788-A97F-4139-A6B3-2195C582340F}.Release|x86.ActiveCfg = Release|Any CPU
		{18955788-A97F-4139-A6B3-2195C582340F}.Release|x86.Build.0 = Release|Any CPU
		{12944548-C466-41BC-8C54-F79A8C54FED8}.Debug|Any CPU.ActiveCfg = Debug|x86
		{12944548-C466-41BC-8C54-F79A8C54FED8}.Debug|Any CPU.Build.0 = Debug|x86
		{12944548-C466-41BC-8C54-F79A8C54FED8}.Debug|x64.ActiveCfg = Debug|x86
		{12944548-C466-41BC-8C54-F79A8C54FED8}.Debug|x64.Build.0 = Debug|x86
		{12944548-C466-41BC-8C54-F79A8C54FED8}.Debug|x86.ActiveCfg = Debug|x86
		{12944548-C466-41BC-8C54-F79A8C54FED8}.Debug|x86.Build.0 = Debug|x86
		{12944548-C466-41BC-8C54-F79A8C54FED8}.Release|Any CPU.ActiveCfg = Release|x86
		{12944548-C466-41BC-8C54-F79A8C54FED8}.Release|Any CPU.Build.0 = Release|x86
		{12944548-C466-41BC-8C54-F79A8C54FED8}.Release|x64.ActiveCfg = Release|x86
		{12944548-C466-41BC-8C54-F79A8C54FED8}.Release|x64.Build.0 = Release|x86
		{12944548-C466-41BC-8C54-F79A8C54FED8}.Release|x86.ActiveCfg = Release|x86
		{12944548-C466-41BC-8C54-F79A8C54FED8}.Release|x86.Build.0 = Release|x86
		{1F6D2AE3-2394-4546-B616-0396FB810D4E}.Debug|Any CPU.ActiveCfg = Debug|Any CPU
		{1F6D2AE3-2394-4546-B616-0396FB810D4E}.Debug|Any CPU.Build.0 = Debug|Any CPU
		{1F6D2AE3-2394-4546-B616-0396FB810D4E}.Debug|x64.ActiveCfg = Debug|Any CPU
		{1F6D2AE3-2394-4546-B616-0396FB810D4E}.Debug|x64.Build.0 = Debug|Any CPU
		{1F6D2AE3-2394-4546-B616-0396FB810D4E}.Debug|x86.ActiveCfg = Debug|Any CPU
		{1F6D2AE3-2394-4546-B616-0396FB810D4E}.Debug|x86.Build.0 = Debug|Any CPU
		{1F6D2AE3-2394-4546-B616-0396FB810D4E}.Release|Any CPU.ActiveCfg = Release|Any CPU
		{1F6D2AE3-2394-4546-B616-0396FB810D4E}.Release|Any CPU.Build.0 = Release|Any CPU
		{1F6D2AE3-2394-4546-B616-0396FB810D4E}.Release|x64.ActiveCfg = Release|Any CPU
		{1F6D2AE3-2394-4546-B616-0396FB810D4E}.Release|x64.Build.0 = Release|Any CPU
		{1F6D2AE3-2394-4546-B616-0396FB810D4E}.Release|x86.ActiveCfg = Release|Any CPU
		{1F6D2AE3-2394-4546-B616-0396FB810D4E}.Release|x86.Build.0 = Release|Any CPU
		{78A20337-2FE8-48BD-84AC-59230D55E624}.Debug|Any CPU.ActiveCfg = Debug|Any CPU
		{78A20337-2FE8-48BD-84AC-59230D55E624}.Debug|Any CPU.Build.0 = Debug|Any CPU
		{78A20337-2FE8-48BD-84AC-59230D55E624}.Debug|x64.ActiveCfg = Debug|Any CPU
		{78A20337-2FE8-48BD-84AC-59230D55E624}.Debug|x64.Build.0 = Debug|Any CPU
		{78A20337-2FE8-48BD-84AC-59230D55E624}.Debug|x86.ActiveCfg = Debug|Any CPU
		{78A20337-2FE8-48BD-84AC-59230D55E624}.Debug|x86.Build.0 = Debug|Any CPU
		{78A20337-2FE8-48BD-84AC-59230D55E624}.Release|Any CPU.ActiveCfg = Release|Any CPU
		{78A20337-2FE8-48BD-84AC-59230D55E624}.Release|Any CPU.Build.0 = Release|Any CPU
		{78A20337-2FE8-48BD-84AC-59230D55E624}.Release|x64.ActiveCfg = Release|Any CPU
		{78A20337-2FE8-48BD-84AC-59230D55E624}.Release|x64.Build.0 = Release|Any CPU
		{78A20337-2FE8-48BD-84AC-59230D55E624}.Release|x86.ActiveCfg = Release|Any CPU
		{78A20337-2FE8-48BD-84AC-59230D55E624}.Release|x86.Build.0 = Release|Any CPU
		{7C562650-2943-40C2-A3C9-A56D32289FF3}.Debug|Any CPU.ActiveCfg = Release|x64
		{7C562650-2943-40C2-A3C9-A56D32289FF3}.Debug|Any CPU.Build.0 = Release|x64
		{7C562650-2943-40C2-A3C9-A56D32289FF3}.Debug|x64.ActiveCfg = Debug|x64
		{7C562650-2943-40C2-A3C9-A56D32289FF3}.Debug|x64.Build.0 = Debug|x64
		{7C562650-2943-40C2-A3C9-A56D32289FF3}.Debug|x86.ActiveCfg = Debug|Win32
		{7C562650-2943-40C2-A3C9-A56D32289FF3}.Debug|x86.Build.0 = Debug|Win32
		{7C562650-2943-40C2-A3C9-A56D32289FF3}.Release|Any CPU.ActiveCfg = Release|x64
		{7C562650-2943-40C2-A3C9-A56D32289FF3}.Release|Any CPU.Build.0 = Release|x64
		{7C562650-2943-40C2-A3C9-A56D32289FF3}.Release|x64.ActiveCfg = Release|x64
		{7C562650-2943-40C2-A3C9-A56D32289FF3}.Release|x64.Build.0 = Release|x64
		{7C562650-2943-40C2-A3C9-A56D32289FF3}.Release|x86.ActiveCfg = Release|Win32
		{7C562650-2943-40C2-A3C9-A56D32289FF3}.Release|x86.Build.0 = Release|Win32
		{381753A2-5231-4144-995B-A3F6780A8692}.Debug|Any CPU.ActiveCfg = Release|x64
		{381753A2-5231-4144-995B-A3F6780A8692}.Debug|x64.ActiveCfg = Debug|Win32
		{381753A2-5231-4144-995B-A3F6780A8692}.Debug|x64.Build.0 = Debug|Win32
		{381753A2-5231-4144-995B-A3F6780A8692}.Debug|x86.ActiveCfg = Debug|Win32
		{381753A2-5231-4144-995B-A3F6780A8692}.Debug|x86.Build.0 = Debug|Win32
		{381753A2-5231-4144-995B-A3F6780A8692}.Release|Any CPU.ActiveCfg = Release|Win32
		{381753A2-5231-4144-995B-A3F6780A8692}.Release|Any CPU.Build.0 = Release|Win32
		{381753A2-5231-4144-995B-A3F6780A8692}.Release|x64.ActiveCfg = Release|Win32
		{381753A2-5231-4144-995B-A3F6780A8692}.Release|x64.Build.0 = Release|Win32
		{381753A2-5231-4144-995B-A3F6780A8692}.Release|x86.ActiveCfg = Release|Win32
		{381753A2-5231-4144-995B-A3F6780A8692}.Release|x86.Build.0 = Release|Win32
		{5DE71731-B40E-4B13-BB32-CF3DACF79C4D}.Debug|Any CPU.ActiveCfg = Debug|Any CPU
		{5DE71731-B40E-4B13-BB32-CF3DACF79C4D}.Debug|Any CPU.Build.0 = Debug|Any CPU
		{5DE71731-B40E-4B13-BB32-CF3DACF79C4D}.Debug|x64.ActiveCfg = Debug|Any CPU
		{5DE71731-B40E-4B13-BB32-CF3DACF79C4D}.Debug|x64.Build.0 = Debug|Any CPU
		{5DE71731-B40E-4B13-BB32-CF3DACF79C4D}.Debug|x86.ActiveCfg = Debug|Any CPU
		{5DE71731-B40E-4B13-BB32-CF3DACF79C4D}.Debug|x86.Build.0 = Debug|Any CPU
		{5DE71731-B40E-4B13-BB32-CF3DACF79C4D}.Release|Any CPU.ActiveCfg = Release|Any CPU
		{5DE71731-B40E-4B13-BB32-CF3DACF79C4D}.Release|Any CPU.Build.0 = Release|Any CPU
		{5DE71731-B40E-4B13-BB32-CF3DACF79C4D}.Release|x64.ActiveCfg = Release|Any CPU
		{5DE71731-B40E-4B13-BB32-CF3DACF79C4D}.Release|x64.Build.0 = Release|Any CPU
		{5DE71731-B40E-4B13-BB32-CF3DACF79C4D}.Release|x86.ActiveCfg = Release|Any CPU
		{5DE71731-B40E-4B13-BB32-CF3DACF79C4D}.Release|x86.Build.0 = Release|Any CPU
		{35684A21-55FF-4C51-9B67-FD27651C60E8}.Debug|Any CPU.ActiveCfg = Debug|Any CPU
		{35684A21-55FF-4C51-9B67-FD27651C60E8}.Debug|Any CPU.Build.0 = Debug|Any CPU
		{35684A21-55FF-4C51-9B67-FD27651C60E8}.Debug|x64.ActiveCfg = Debug|Any CPU
		{35684A21-55FF-4C51-9B67-FD27651C60E8}.Debug|x64.Build.0 = Debug|Any CPU
		{35684A21-55FF-4C51-9B67-FD27651C60E8}.Debug|x86.ActiveCfg = Debug|Any CPU
		{35684A21-55FF-4C51-9B67-FD27651C60E8}.Debug|x86.Build.0 = Debug|Any CPU
		{35684A21-55FF-4C51-9B67-FD27651C60E8}.Release|Any CPU.ActiveCfg = Release|Any CPU
		{35684A21-55FF-4C51-9B67-FD27651C60E8}.Release|Any CPU.Build.0 = Release|Any CPU
		{35684A21-55FF-4C51-9B67-FD27651C60E8}.Release|x64.ActiveCfg = Release|Any CPU
		{35684A21-55FF-4C51-9B67-FD27651C60E8}.Release|x64.Build.0 = Release|Any CPU
		{35684A21-55FF-4C51-9B67-FD27651C60E8}.Release|x86.ActiveCfg = Release|Any CPU
		{35684A21-55FF-4C51-9B67-FD27651C60E8}.Release|x86.Build.0 = Release|Any CPU
		{C75532C4-765B-418E-B09B-46D36B2ABDB1}.Debug|Any CPU.ActiveCfg = Debug|Any CPU
		{C75532C4-765B-418E-B09B-46D36B2ABDB1}.Debug|Any CPU.Build.0 = Debug|Any CPU
		{C75532C4-765B-418E-B09B-46D36B2ABDB1}.Debug|x64.ActiveCfg = Debug|Any CPU
		{C75532C4-765B-418E-B09B-46D36B2ABDB1}.Debug|x64.Build.0 = Debug|Any CPU
		{C75532C4-765B-418E-B09B-46D36B2ABDB1}.Debug|x86.ActiveCfg = Debug|Any CPU
		{C75532C4-765B-418E-B09B-46D36B2ABDB1}.Debug|x86.Build.0 = Debug|Any CPU
		{C75532C4-765B-418E-B09B-46D36B2ABDB1}.Release|Any CPU.ActiveCfg = Release|Any CPU
		{C75532C4-765B-418E-B09B-46D36B2ABDB1}.Release|Any CPU.Build.0 = Release|Any CPU
		{C75532C4-765B-418E-B09B-46D36B2ABDB1}.Release|x64.ActiveCfg = Release|Any CPU
		{C75532C4-765B-418E-B09B-46D36B2ABDB1}.Release|x64.Build.0 = Release|Any CPU
		{C75532C4-765B-418E-B09B-46D36B2ABDB1}.Release|x86.ActiveCfg = Release|Any CPU
		{C75532C4-765B-418E-B09B-46D36B2ABDB1}.Release|x86.Build.0 = Release|Any CPU
	EndGlobalSection
	GlobalSection(SolutionProperties) = preSolution
		HideSolutionNode = FALSE
	EndGlobalSection
	GlobalSection(NestedProjects) = preSolution
		{055C16E6-B282-4C56-8C4A-6FFB4688AE19} = {186498F1-456F-4DB5-A14E-268955C9C2E5}
		{6D2088CB-161B-47FB-9C35-0EE8DE61A3DF} = {186498F1-456F-4DB5-A14E-268955C9C2E5}
		{18955788-A97F-4139-A6B3-2195C582340F} = {186498F1-456F-4DB5-A14E-268955C9C2E5}
		{1F6D2AE3-2394-4546-B616-0396FB810D4E} = {186498F1-456F-4DB5-A14E-268955C9C2E5}
		{78A20337-2FE8-48BD-84AC-59230D55E624} = {186498F1-456F-4DB5-A14E-268955C9C2E5}
		{7C562650-2943-40C2-A3C9-A56D32289FF3} = {186498F1-456F-4DB5-A14E-268955C9C2E5}
		{381753A2-5231-4144-995B-A3F6780A8692} = {186498F1-456F-4DB5-A14E-268955C9C2E5}
		{C75532C4-765B-418E-B09B-46D36B2ABDB1} = {186498F1-456F-4DB5-A14E-268955C9C2E5}
	EndGlobalSection
	GlobalSection(ExtensibilityGlobals) = postSolution
		SolutionGuid = {BC144251-9E7F-454E-832D-57AC9FD7EBAF}
	EndGlobalSection
EndGlobal
